
Microsoft Visual Studio Solution File, Format Version 12.00
# Visual Studio Version 17
VisualStudioVersion = 17.4.33213.308
MinimumVisualStudioVersion = 10.0.40219.1
Project("{FAE04EC0-301F-11D3-BF4B-00C04F79EFBC}") = "WebApp6", "WebApp6\WebApp6.csproj", "{7194DF3A-175C-49DC-B7F6-A486B090ACC2}"
EndProject
Global
	GlobalSection(SolutionConfigurationPlatforms) = preSolution
		Debug|Any CPU = Debug|Any CPU
		Release|Any CPU = Release|Any CPU
	EndGlobalSection
	GlobalSection(ProjectConfigurationPlatforms) = postSolution
		{7194DF3A-175C-49DC-B7F6-A486B090ACC2}.Debug|Any CPU.ActiveCfg = Debug|Any CPU
		{7194DF3A-175C-49DC-B7F6-A486B090ACC2}.Debug|Any CPU.Build.0 = Debug|Any CPU
		{7194DF3A-175C-49DC-B7F6-A486B090ACC2}.Release|Any CPU.ActiveCfg = Release|Any CPU
		{7194DF3A-175C-49DC-B7F6-A486B090ACC2}.Release|Any CPU.Build.0 = Release|Any CPU
	EndGlobalSection
	GlobalSection(SolutionProperties) = preSolution
		HideSolutionNode = FALSE
	EndGlobalSection
	GlobalSection(ExtensibilityGlobals) = postSolution
		SolutionGuid = {39579BD7-AF21-4010-94B5-D4E61E65D0DB}
	EndGlobalSection
EndGlobal
